
Microsoft Visual Studio Solution File, Format Version 12.00
# Visual Studio Version 17
VisualStudioVersion = 17.11.35303.130
MinimumVisualStudioVersion = 10.0.40219.1
Project("{9A19103F-16F7-4668-BE54-9A1E7A4F7556}") = "War", "War\War.csproj", "{3991B4F6-1C3B-4972-A25C-0A90E50B277F}"
EndProject
Project("{9A19103F-16F7-4668-BE54-9A1E7A4F7556}") = "Aquarium", "Aquarium\Aquarium.csproj", "{372811FF-DA9B-40EE-91C0-49668F845084}"
EndProject
Project("{FAE04EC0-301F-11D3-BF4B-00C04F79EFBC}") = "Zoo", "Zoo\Zoo.csproj", "{0084DA57-8B39-4EF4-A2AA-49EE0AE91C71}"
EndProject
Project("{FAE04EC0-301F-11D3-BF4B-00C04F79EFBC}") = "Testing", "Testing\Testing.csproj", "{07E7BBA7-6A69-4CE5-B434-7D4B600C6A18}"
EndProject
Global
	GlobalSection(SolutionConfigurationPlatforms) = preSolution
		Debug|Any CPU = Debug|Any CPU
		Release|Any CPU = Release|Any CPU
	EndGlobalSection
	GlobalSection(ProjectConfigurationPlatforms) = postSolution
		{3991B4F6-1C3B-4972-A25C-0A90E50B277F}.Debug|Any CPU.ActiveCfg = Debug|Any CPU
		{3991B4F6-1C3B-4972-A25C-0A90E50B277F}.Debug|Any CPU.Build.0 = Debug|Any CPU
		{3991B4F6-1C3B-4972-A25C-0A90E50B277F}.Release|Any CPU.ActiveCfg = Release|Any CPU
		{3991B4F6-1C3B-4972-A25C-0A90E50B277F}.Release|Any CPU.Build.0 = Release|Any CPU
		{372811FF-DA9B-40EE-91C0-49668F845084}.Debug|Any CPU.ActiveCfg = Debug|Any CPU
		{372811FF-DA9B-40EE-91C0-49668F845084}.Debug|Any CPU.Build.0 = Debug|Any CPU
		{372811FF-DA9B-40EE-91C0-49668F845084}.Release|Any CPU.ActiveCfg = Release|Any CPU
		{372811FF-DA9B-40EE-91C0-49668F845084}.Release|Any CPU.Build.0 = Release|Any CPU
		{0084DA57-8B39-4EF4-A2AA-49EE0AE91C71}.Debug|Any CPU.ActiveCfg = Debug|Any CPU
		{0084DA57-8B39-4EF4-A2AA-49EE0AE91C71}.Debug|Any CPU.Build.0 = Debug|Any CPU
		{0084DA57-8B39-4EF4-A2AA-49EE0AE91C71}.Release|Any CPU.ActiveCfg = Release|Any CPU
		{0084DA57-8B39-4EF4-A2AA-49EE0AE91C71}.Release|Any CPU.Build.0 = Release|Any CPU
		{07E7BBA7-6A69-4CE5-B434-7D4B600C6A18}.Debug|Any CPU.ActiveCfg = Debug|Any CPU
		{07E7BBA7-6A69-4CE5-B434-7D4B600C6A18}.Debug|Any CPU.Build.0 = Debug|Any CPU
		{07E7BBA7-6A69-4CE5-B434-7D4B600C6A18}.Release|Any CPU.ActiveCfg = Release|Any CPU
		{07E7BBA7-6A69-4CE5-B434-7D4B600C6A18}.Release|Any CPU.Build.0 = Release|Any CPU
	EndGlobalSection
	GlobalSection(SolutionProperties) = preSolution
		HideSolutionNode = FALSE
	EndGlobalSection
	GlobalSection(ExtensibilityGlobals) = postSolution
		SolutionGuid = {51F7ACCB-C546-4C63-B945-CDA9A73967F1}
	EndGlobalSection
EndGlobal
